
Microsoft Visual Studio Solution File, Format Version 12.00
# Visual Studio Version 17
VisualStudioVersion = 17.8.34330.188
MinimumVisualStudioVersion = 10.0.40219.1
Project("{FAE04EC0-301F-11D3-BF4B-00C04F79EFBC}") = "ALM.Integrations.Functions", "src\ALM.Integrations.Functions.Dev.csproj", "{0F4B9FFC-2DFC-4862-858B-9768D3CC31BC}"
EndProject
Global
	GlobalSection(SolutionConfigurationPlatforms) = preSolution
		Debug|Any CPU = Debug|Any CPU
		Release|Any CPU = Release|Any CPU
	EndGlobalSection
	GlobalSection(ProjectConfigurationPlatforms) = postSolution
		{0F4B9FFC-2DFC-4862-858B-9768D3CC31BC}.Debug|Any CPU.ActiveCfg = Debug|Any CPU
		{0F4B9FFC-2DFC-4862-858B-9768D3CC31BC}.Debug|Any CPU.Build.0 = Debug|Any CPU
		{0F4B9FFC-2DFC-4862-858B-9768D3CC31BC}.Release|Any CPU.ActiveCfg = Release|Any CPU
		{0F4B9FFC-2DFC-4862-858B-9768D3CC31BC}.Release|Any CPU.Build.0 = Release|Any CPU
	EndGlobalSection
	GlobalSection(SolutionProperties) = preSolution
		HideSolutionNode = FALSE
	EndGlobalSection
	GlobalSection(ExtensibilityGlobals) = postSolution
		SolutionGuid = {BBEF9E09-0EE6-4115-8E1B-864871F4F896}
	EndGlobalSection
EndGlobal
